
Microsoft Visual Studio Solution File, Format Version 12.00
# Visual Studio Version 16
VisualStudioVersion = 16.0.30413.136
MinimumVisualStudioVersion = 10.0.40219.1
Project("{FAE04EC0-301F-11D3-BF4B-00C04F79EFBC}") = "projeto-teste", "projeto-teste\projeto-teste.csproj", "{BC821871-F4F0-4C51-AE83-3C9733FDE89C}"
EndProject
Global
	GlobalSection(SolutionConfigurationPlatforms) = preSolution
		Debug|Any CPU = Debug|Any CPU
		Release|Any CPU = Release|Any CPU
	EndGlobalSection
	GlobalSection(ProjectConfigurationPlatforms) = postSolution
		{BC821871-F4F0-4C51-AE83-3C9733FDE89C}.Debug|Any CPU.ActiveCfg = Debug|Any CPU
		{BC821871-F4F0-4C51-AE83-3C9733FDE89C}.Debug|Any CPU.Build.0 = Debug|Any CPU
		{BC821871-F4F0-4C51-AE83-3C9733FDE89C}.Release|Any CPU.ActiveCfg = Release|Any CPU
		{BC821871-F4F0-4C51-AE83-3C9733FDE89C}.Release|Any CPU.Build.0 = Release|Any CPU
	EndGlobalSection
	GlobalSection(SolutionProperties) = preSolution
		HideSolutionNode = FALSE
	EndGlobalSection
	GlobalSection(ExtensibilityGlobals) = postSolution
		SolutionGuid = {AB4F9C36-49D3-4BBF-8BEF-BFFA4777AB6F}
	EndGlobalSection
EndGlobal
